{
  "name": "fidus",
  "version": "0.0.0",
  "lockfileVersion": 3,
  "requires": true,
  "packages": {
    "": {
      "name": "fidus",
      "version": "0.0.0",
      "license": "SEE LICENSE IN LICENSE",
      "dependencies": {
        "libsodium-wrappers-sumo": "0.8.4"
      },
      "devDependencies": {
        "argon2id": "1.0.1"
      }
    },
    "node_modules/argon2id": {
      "version": "1.0.1",
      "resolved": "https://registry.npmjs.org/argon2id/-/argon2id-1.0.1.tgz",
      "integrity": "sha512-rsiD3lX+0L0CsiZARp3bf9EGxprtuWAT7PpiJd+Fk53URV0/USOQkBIP1dLTV8t6aui0ECbymQ9W9YCcTd6XgA==",
      "dev": true,
      "license": "MIT"
    },
    "node_modules/libsodium-sumo": {
      "version": "0.8.4",
      "resolved": "https://registry.npmjs.org/libsodium-sumo/-/libsodium-sumo-0.8.4.tgz",
      "integrity": "sha512-TMtHShQfVVsaxDygyapvUC3o7YsPgXa/hRWeIgzyFz6w5k/1hirGptCxp1U7XwW3rCskaTTYKgV10v86UiGgNw==",
      "license": "ISC"
    },
    "node_modules/libsodium-wrappers-sumo": {
      "version": "0.8.4",
      "resolved": "https://registry.npmjs.org/libsodium-wrappers-sumo/-/libsodium-wrappers-sumo-0.8.4.tgz",
      "integrity": "sha512-ql7hcgulKZ3ekfa2DGAogcCKsWU0diA/0nArz1CFzh93WQdb46/Kj18ka/Hifq6uA3Ush34Pc6vU/6HXeRwUkg==",
      "license": "ISC",
      "dependencies": {
        "libsodium-sumo": "^0.8.0"
      }
    }
  }
}
